
Microsoft Visual Studio Solution File, Format Version 12.00
# Visual Studio Version 17
VisualStudioVersion = 17.0.32002.185
MinimumVisualStudioVersion = 10.0.40219.1
Project("{FAE04EC0-301F-11D3-BF4B-00C04F79EFBC}") = "SW_Character_properties_Lib", "Manager_template\SW_Character_properties_Lib.csproj", "{6EC44512-7448-4786-A2ED-6C376D196087}"
EndProject
Global
	GlobalSection(SolutionConfigurationPlatforms) = preSolution
		Debug|Any CPU = Debug|Any CPU
		Release|Any CPU = Release|Any CPU
	EndGlobalSection
	GlobalSection(ProjectConfigurationPlatforms) = postSolution
		{6EC44512-7448-4786-A2ED-6C376D196087}.Debug|Any CPU.ActiveCfg = Debug|Any CPU
		{6EC44512-7448-4786-A2ED-6C376D196087}.Debug|Any CPU.Build.0 = Debug|Any CPU
		{6EC44512-7448-4786-A2ED-6C376D196087}.Release|Any CPU.ActiveCfg = Release|Any CPU
		{6EC44512-7448-4786-A2ED-6C376D196087}.Release|Any CPU.Build.0 = Release|Any CPU
	EndGlobalSection
	GlobalSection(SolutionProperties) = preSolution
		HideSolutionNode = FALSE
	EndGlobalSection
	GlobalSection(ExtensibilityGlobals) = postSolution
		SolutionGuid = {E539DBC7-2DC6-4DE6-AD93-1B0096CE96F1}
	EndGlobalSection
EndGlobal
